
Microsoft Visual Studio Solution File, Format Version 12.00
# Visual Studio Version 17
VisualStudioVersion = 17.4.33110.190
MinimumVisualStudioVersion = 10.0.40219.1
Project("{FAE04EC0-301F-11D3-BF4B-00C04F79EFBC}") = "DepartmentTable", "DepartmentTable\DepartmentTable.csproj", "{4F80DAAE-08B8-4365-B7A4-C09E054B5661}"
EndProject
Global
	GlobalSection(SolutionConfigurationPlatforms) = preSolution
		Debug|Any CPU = Debug|Any CPU
		Release|Any CPU = Release|Any CPU
	EndGlobalSection
	GlobalSection(ProjectConfigurationPlatforms) = postSolution
		{4F80DAAE-08B8-4365-B7A4-C09E054B5661}.Debug|Any CPU.ActiveCfg = Debug|Any CPU
		{4F80DAAE-08B8-4365-B7A4-C09E054B5661}.Debug|Any CPU.Build.0 = Debug|Any CPU
		{4F80DAAE-08B8-4365-B7A4-C09E054B5661}.Release|Any CPU.ActiveCfg = Release|Any CPU
		{4F80DAAE-08B8-4365-B7A4-C09E054B5661}.Release|Any CPU.Build.0 = Release|Any CPU
	EndGlobalSection
	GlobalSection(SolutionProperties) = preSolution
		HideSolutionNode = FALSE
	EndGlobalSection
	GlobalSection(ExtensibilityGlobals) = postSolution
		SolutionGuid = {BB2A727B-21C5-484B-94C3-B75D2CF388B4}
	EndGlobalSection
EndGlobal
